// !$*UTF8*$!
{
	archiveVersion = 1;
	classes = {
	};
	objectVersion = 46;
	objects = {

/* Begin PBXBuildFile section */
		77E756081E58E2B40087B5AF /* AppDelegate.swift in Sources */ = {isa = PBXBuildFile; fileRef = 77E756071E58E2B40087B5AF /* AppDelegate.swift */; };
		77E7560A1E58E2B40087B5AF /* ViewController.swift in Sources */ = {isa = PBXBuildFile; fileRef = 77E756091E58E2B40087B5AF /* ViewController.swift */; };
		77E7560D1E58E2B40087B5AF /* Main.storyboard in Resources */ = {isa = PBXBuildFile; fileRef = 77E7560B1E58E2B40087B5AF /* Main.storyboard */; };
		77E7560F1E58E2B40087B5AF /* Assets.xcassets in Resources */ = {isa = PBXBuildFile; fileRef = 77E7560E1E58E2B40087B5AF /* Assets.xcassets */; };
		77E756121E58E2B40087B5AF /* LaunchScreen.storyboard in Resources */ = {isa = PBXBuildFile; fileRef = 77E756101E58E2B40087B5AF /* LaunchScreen.storyboard */; };
/* End PBXBuildFile section */

/* Begin PBXFileReference section */
		77E756041E58E2B40087B5AF /* PartyRockAppDEV.app */ = {isa = PBXFileReference; explicitFileType = wrapper.application; includeInIndex = 0; path = PartyRockAppDEV.app; sourceTree = BUILT_PRODUCTS_DIR; };
		77E756071E58E2B40087B5AF /* AppDelegate.swift */ = {isa = PBXFileReference; lastKnownFileType = sourcecode.swift; path = AppDelegate.swift; sourceTree = "<group>"; };
		77E756091E58E2B40087B5AF /* ViewController.swift */ = {isa = PBXFileReference; lastKnownFileType = sourcecode.swift; path = ViewController.swift; sourceTree = "<group>"; };
		77E7560C1E58E2B40087B5AF /* Base */ = {isa = PBXFileReference; lastKnownFileType = file.storyboard; name = Base; path = Base.lproj/Main.storyboard; sourceTree = "<group>"; };
		77E7560E1E58E2B40087B5AF /* Assets.xcassets */ = {isa = PBXFileReference; lastKnownFileType = folder.assetcatalog; path = Assets.xcassets; sourceTree = "<group>"; };
		77E756111E58E2B40087B5AF /* Base */ = {isa = PBXFileReference; lastKnownFileType = file.storyboard; name = Base; path = Base.lproj/LaunchScreen.storyboard; sourceTree = "<group>"; };
		77E756131E58E2B40087B5AF /* Info.plist */ = {isa = PBXFileReference; lastKnownFileType = text.plist.xml; path = Info.plist; sourceTree = "<group>"; };
/* End PBXFileReference section */

/* Begin PBXFrameworksBuildPhase section */
		77E756011E58E2B40087B5AF /* Frameworks */ = {
			isa = PBXFrameworksBuildPhase;
			buildActionMask = 2147483647;
			files = (
			);
			runOnlyForDeploymentPostprocessing = 0;
		};
/* End PBXFrameworksBuildPhase section */

/* Begin PBXGroup section */
		77E755FB1E58E2B40087B5AF = {
			isa = PBXGroup;
			children = (
				77E756061E58E2B40087B5AF /* PartyRockAppDEV */,
				77E756051E58E2B40087B5AF /* Products */,
			);
			sourceTree = "<group>";
		};
		77E756051E58E2B40087B5AF /* Products */ = {
			isa = PBXGroup;
			children = (
				77E756041E58E2B40087B5AF /* PartyRockAppDEV.app */,
			);
			name = Products;
			sourceTree = "<group>";
		};
		77E756061E58E2B40087B5AF /* PartyRockAppDEV */ = {
			isa = PBXGroup;
			children = (
				77E756071E58E2B40087B5AF /* AppDelegate.swift */,
				77E756091E58E2B40087B5AF /* ViewController.swift */,
				77E7560B1E58E2B40087B5AF /* Main.storyboard */,
				77E7560E1E58E2B40087B5AF /* Assets.xcassets */,
				77E756101E58E2B40087B5AF /* LaunchScreen.storyboard */,
				77E756131E58E2B40087B5AF /* Info.plist */,
			);
			path = PartyRockAppDEV;
			sourceTree = "<group>";
		};
/* End PBXGroup section */

/* Begin PBXNativeTarget section */
		77E756031E58E2B40087B5AF /* PartyRockAppDEV */ = {
			isa = PBXNativeTarget;
			buildConfigurationList = 77E756161E58E2B40087B5AF /* Build configuration list for PBXNativeTarget "PartyRockAppDEV" */;
			buildPhases = (
				77E756001E58E2B40087B5AF /* Sources */,
				77E756011E58E2B40087B5AF /* Frameworks */,
				77E756021E58E2B40087B5AF /* Resources */,
			);
			buildRules = (
			);
			dependencies = (
			);
			name = PartyRockAppDEV;
			productName = PartyRockAppDEV;
			productReference = 77E756041E58E2B40087B5AF /* PartyRockAppDEV.app */;
			productType = "com.apple.product-type.application";
		};
/* End PBXNativeTarget section */

/* Begin PBXProject section */
		77E755FC1E58E2B40087B5AF /* Project object */ = {
			isa = PBXProject;
			attributes = {
				LastSwiftUpdateCheck = 0820;
				LastUpgradeCheck = 0820;
				ORGANIZATIONNAME = IVdevelopment;
				TargetAttributes = {
					77E756031E58E2B40087B5AF = {
						CreatedOnToolsVersion = 8.2.1;
						ProvisioningStyle = Automatic;
					};
				};
			};
			buildConfigurationList = 77E755FF1E58E2B40087B5AF /* Build configuration list for PBXProject "PartyRockAppDEV" */;
			compatibilityVersion = "Xcode 3.2";
			developmentRegion = English;
			hasScannedForEncodings = 0;
			knownRegions = (
				en,
				Base,
			);
			mainGroup = 77E755FB1E58E2B40087B5AF;
			productRefGroup = 77E756051E58E2B40087B5AF /* Products */;
			projectDirPath = "";
			projectRoot = "";
			targets = (
				77E756031E58E2B40087B5AF /* PartyRockAppDEV */,
			);
		};
/* End PBXProject section */

/* Begin PBXResourcesBuildPhase section */
		77E756021E58E2B40087B5AF /* Resources */ = {
			isa = PBXResourcesBuildPhase;
			buildActionMask = 2147483647;
			files = (
				77E756121E58E2B40087B5AF /* LaunchScreen.storyboard in Resources */,
				77E7560F1E58E2B40087B5AF /* Assets.xcassets in Resources */,
				77E7560D1E58E2B40087B5AF /* Main.storyboard in Resources */,
			);
			runOnlyForDeploymentPostprocessing = 0;
		};
/* End PBXResourcesBuildPhase section */

/* Begin PBXSourcesBuildPhase section */
		77E756001E58E2B40087B5AF /* Sources */ = {
			isa = PBXSourcesBuildPhase;
			buildActionMask = 2147483647;
			files = (
				77E7560A1E58E2B40087B5AF /* ViewController.swift in Sources */,
				77E756081E58E2B40087B5AF /* AppDelegate.swift in Sources */,
			);
			runOnlyForDeploymentPostprocessing = 0;
		};
/* End PBXSourcesBuildPhase section */

/* Begin PBXVariantGroup section */
		77E7560B1E58E2B40087B5AF /* Main.storyboard */ = {
			isa = PBXVariantGroup;
			children = (
				77E7560C1E58E2B40087B5AF /* Base */,
			);
			name = Main.storyboard;
			sourceTree = "<group>";
		};
		77E756101E58E2B40087B5AF /* LaunchScreen.storyboard */ = {
			isa = PBXVariantGroup;
			children = (
				77E756111E58E2B40087B5AF /* Base */,
			);
			name = LaunchScreen.storyboard;
			sourceTree = "<group>";
		};
/* End PBXVariantGroup section */

/* Begin XCBuildConfiguration section */
		77E756141E58E2B40087B5AF /* Debug */ = {
			isa = XCBuildConfiguration;
			buildSettings = {
				ALWAYS_SEARCH_USER_PATHS = NO;
				CLANG_ANALYZER_NONNULL = YES;
				CLANG_CXX_LANGUAGE_STANDARD = "gnu++0x";
				CLANG_CXX_LIBRARY = "libc++";
				CLANG_ENABLE_MODULES = YES;
				CLANG_ENABLE_OBJC_ARC = YES;
				CLANG_WARN_BOOL_CONVERSION = YES;
				CLANG_WARN_CONSTANT_CONVERSION = YES;
				CLANG_WARN_DIRECT_OBJC_ISA_USAGE = YES_ERROR;
				CLANG_WARN_DOCUMENTATION_COMMENTS = YES;
				CLANG_WARN_EMPTY_BODY = YES;
				CLANG_WARN_ENUM_CONVERSION = YES;
				CLANG_WARN_INFINITE_RECURSION = YES;
				CLANG_WARN_INT_CONVERSION = YES;
				CLANG_WARN_OBJC_ROOT_CLASS = YES_ERROR;
				CLANG_WARN_SUSPICIOUS_MOVE = YES;
				CLANG_WARN_UNREACHABLE_CODE = YES;
				CLANG_WARN__DUPLICATE_METHOD_MATCH = YES;
				"CODE_SIGN_IDENTITY[sdk=iphoneos*]" = "iPhone Developer";
				COPY_PHASE_STRIP = NO;
				DEBUG_INFORMATION_FORMAT = dwarf;
				ENABLE_STRICT_OBJC_MSGSEND = YES;
				ENABLE_TESTABILITY = YES;
				GCC_C_LANGUAGE_STANDARD = gnu99;
				GCC_DYNAMIC_NO_PIC = NO;
				GCC_NO_COMMON_BLOCKS = YES;
				GCC_OPTIMIZATION_LEVEL = 0;
				GCC_PREPROCESSOR_DEFINITIONS = (
					"DEBUG=1",
					"$(inherited)",
				);
				GCC_WARN_64_TO_32_BIT_CONVERSION = YES;
				GCC_WARN_ABOUT_RETURN_TYPE = YES_ERROR;
				GCC_WARN_UNDECLARED_SELECTOR = YES;
				GCC_WARN_UNINITIALIZED_AUTOS = YES_AGGRESSIVE;
				GCC_WARN_UNUSED_FUNCTION = YES;
				GCC_WARN_UNUSED_VARIABLE = YES;
				IPHONEOS_DEPLOYMENT_TARGET = 10.2;
				MTL_ENABLE_DEBUG_INFO = YES;
				ONLY_ACTIVE_ARCH = YES;
				SDKROOT = iphoneos;
				SWIFT_ACTIVE_COMPILATION_CONDITIONS = DEBUG;
				SWIFT_OPTIMIZATION_LEVEL = "-Onone";
			};
			name = Debug;
		};
		77E756151E58E2B40087B5AF /* Release */ = {
			isa = XCBuildConfiguration;
			buildSettings = {
				ALWAYS_SEARCH_USER_PATHS = NO;
				CLANG_ANALYZER_NONNULL = YES;
				CLANG_CXX_LANGUAGE_STANDARD = "gnu++0x";
				CLANG_CXX_LIBRARY = "libc++";
				CLANG_ENABLE_MODULES = YES;
				CLANG_ENABLE_OBJC_ARC = YES;
				CLANG_WARN_BOOL_CONVERSION = YES;
				CLANG_WARN_CONSTANT_CONVERSION = YES;
				CLANG_WARN_DIRECT_OBJC_ISA_USAGE = YES_ERROR;
				CLANG_WARN_DOCUMENTATION_COMMENTS = YES;
				CLANG_WARN_EMPTY_BODY = YES;
				CLANG_WARN_ENUM_CONVERSION = YES;
				CLANG_WARN_INFINITE_RECURSION = YES;
				CLANG_WARN_INT_CONVERSION = YES;
				CLANG_WARN_OBJC_ROOT_CLASS = YES_ERROR;
				CLANG_WARN_SUSPICIOUS_MOVE = YES;
				CLANG_WARN_UNREACHABLE_CODE = YES;
				CLANG_WARN__DUPLICATE_METHOD_MATCH = YES;
				"CODE_SIGN_IDENTITY[sdk=iphoneos*]" = "iPhone Developer";
				COPY_PHASE_STRIP = NO;
				DEBUG_INFORMATION_FORMAT = "dwarf-with-dsym";
				ENABLE_NS_ASSERTIONS = NO;
				ENABLE_STRICT_OBJC_MSGSEND = YES;
				GCC_C_LANGUAGE_STANDARD = gnu99;
				GCC_NO_COMMON_BLOCKS = YES;
				GCC_WARN_64_TO_32_BIT_CONVERSION = YES;
				GCC_WARN_ABOUT_RETURN_TYPE = YES_ERROR;
				GCC_WARN_UNDECLARED_SELECTOR = YES;
				GCC_WARN_UNINITIALIZED_AUTOS = YES_AGGRESSIVE;
				GCC_WARN_UNUSED_FUNCTION = YES;
				GCC_WARN_UNUSED_VARIABLE = YES;
				IPHONEOS_DEPLOYMENT_TARGET = 10.2;
				MTL_ENABLE_DEBUG_INFO = NO;
				SDKROOT = iphoneos;
				SWIFT_OPTIMIZATION_LEVEL = "-Owholemodule";
				VALIDATE_PRODUCT = YES;
			};
			name = Release;
		};
		77E756171E58E2B40087B5AF /* Debug */ = {
			isa = XCBuildConfiguration;
			buildSettings = {
				ASSETCATALOG_COMPILER_APPICON_NAME = AppIcon;
				INFOPLIST_FILE = PartyRockAppDEV/Info.plist;
				LD_RUNPATH_SEARCH_PATHS = "$(inherited) @executable_path/Frameworks";
				PRODUCT_BUNDLE_IDENTIFIER = com.IVdevelopment.PartyRockAppDEV;
				PRODUCT_NAME = "$(TARGET_NAME)";
				SWIFT_VERSION = 3.0;
			};
			name = Debug;
		};
		77E756181E58E2B40087B5AF /* Release */ = {
			isa = XCBuildConfiguration;
			buildSettings = {
				ASSETCATALOG_COMPILER_APPICON_NAME = AppIcon;
				INFOPLIST_FILE = PartyRockAppDEV/Info.plist;
				LD_RUNPATH_SEARCH_PATHS = "$(inherited) @executable_path/Frameworks";
				PRODUCT_BUNDLE_IDENTIFIER = com.IVdevelopment.PartyRockAppDEV;
				PRODUCT_NAME = "$(TARGET_NAME)";
				SWIFT_VERSION = 3.0;
			};
			name = Release;
		};
/* End XCBuildConfiguration section */

/* Begin XCConfigurationList section */
		77E755FF1E58E2B40087B5AF /* Build configuration list for PBXProject "PartyRockAppDEV" */ = {
			isa = XCConfigurationList;
			buildConfigurations = (
				77E756141E58E2B40087B5AF /* Debug */,
				77E756151E58E2B40087B5AF /* Release */,
			);
			defaultConfigurationIsVisible = 0;
			defaultConfigurationName = Release;
		};
		77E756161E58E2B40087B5AF /* Build configuration list for PBXNativeTarget "PartyRockAppDEV" */ = {
			isa = XCConfigurationList;
			buildConfigurations = (
				77E756171E58E2B40087B5AF /* Debug */,
				77E756181E58E2B40087B5AF /* Release */,
			);
			defaultConfigurationIsVisible = 0;
		};
/* End XCConfigurationList section */
	};
	rootObject = 77E755FC1E58E2B40087B5AF /* Project object */;
}
